
Microsoft Visual Studio Solution File, Format Version 12.00
# Visual Studio Version 17
VisualStudioVersion = 17.5.002.0
MinimumVisualStudioVersion = 10.0.40219.1
Project("{9A19103F-16F7-4668-BE54-9A1E7A4F7556}") = "03", "03.csproj", "{5A5CA4FE-3F29-4448-A5CE-A884BA88142E}"
EndProject
Global
	GlobalSection(SolutionConfigurationPlatforms) = preSolution
		Debug|Any CPU = Debug|Any CPU
		Release|Any CPU = Release|Any CPU
	EndGlobalSection
	GlobalSection(ProjectConfigurationPlatforms) = postSolution
		{5A5CA4FE-3F29-4448-A5CE-A884BA88142E}.Debug|Any CPU.ActiveCfg = Debug|Any CPU
		{5A5CA4FE-3F29-4448-A5CE-A884BA88142E}.Debug|Any CPU.Build.0 = Debug|Any CPU
		{5A5CA4FE-3F29-4448-A5CE-A884BA88142E}.Release|Any CPU.ActiveCfg = Release|Any CPU
		{5A5CA4FE-3F29-4448-A5CE-A884BA88142E}.Release|Any CPU.Build.0 = Release|Any CPU
	EndGlobalSection
	GlobalSection(SolutionProperties) = preSolution
		HideSolutionNode = FALSE
	EndGlobalSection
	GlobalSection(ExtensibilityGlobals) = postSolution
		SolutionGuid = {C20BF408-C962-4B7F-BFD2-C97BD53986F3}
	EndGlobalSection
EndGlobal
